
Microsoft Visual Studio Solution File, Format Version 12.00
# Visual Studio 15
VisualStudioVersion = 15.0.26014.0
MinimumVisualStudioVersion = 10.0.40219.1
Project("{8BC9CEB8-8B4A-11D0-8D11-00A0C91BC942}") = "hello_world_sample", "TK_SAMPLE.vcxproj", "{B29B24BA-4D6F-31C6-A27A-5290E1BCF12C}"
EndProject
Global
	GlobalSection(SolutionConfigurationPlatforms) = preSolution
		Debug|x86 = Debug|x86
		MinSizeRel|x86 = MinSizeRel|x86
		Release|x86 = Release|x86
		RelWithDebInfo|x86 = RelWithDebInfo|x86
	EndGlobalSection
	GlobalSection(ProjectConfigurationPlatforms) = postSolution
		{B29B24BA-4D6F-31C6-A27A-5290E1BCF12C}.Debug|x86.ActiveCfg = Debug|Win32
		{B29B24BA-4D6F-31C6-A27A-5290E1BCF12C}.Debug|x86.Build.0 = Debug|Win32
		{B29B24BA-4D6F-31C6-A27A-5290E1BCF12C}.MinSizeRel|x86.ActiveCfg = MinSizeRel|Win32
		{B29B24BA-4D6F-31C6-A27A-5290E1BCF12C}.MinSizeRel|x86.Build.0 = MinSizeRel|Win32
		{B29B24BA-4D6F-31C6-A27A-5290E1BCF12C}.Release|x86.ActiveCfg = Release|Win32
		{B29B24BA-4D6F-31C6-A27A-5290E1BCF12C}.Release|x86.Build.0 = Release|Win32
		{B29B24BA-4D6F-31C6-A27A-5290E1BCF12C}.RelWithDebInfo|x86.ActiveCfg = RelWithDebInfo|Win32
		{B29B24BA-4D6F-31C6-A27A-5290E1BCF12C}.RelWithDebInfo|x86.Build.0 = RelWithDebInfo|Win32
	EndGlobalSection
	GlobalSection(SolutionProperties) = preSolution
		HideSolutionNode = FALSE
	EndGlobalSection
EndGlobal
